// !$*UTF8*$!
{
	archiveVersion = 1;
	classes = {
	};
	objectVersion = 56;
	objects = {

/* Begin PBXBuildFile section */
		66564DC72ABB80A300F11B13 /* NewsStrategy.swift in Sources */ = {isa = PBXBuildFile; fileRef = 66564DC62ABB80A300F11B13 /* NewsStrategy.swift */; };
		6669BC4E2ABC7B740045A66C /* NewsModel.swift in Sources */ = {isa = PBXBuildFile; fileRef = 6669BC4D2ABC7B740045A66C /* NewsModel.swift */; };
		6669BC512ABCB6AC0045A66C /* TimeFormatter.swift in Sources */ = {isa = PBXBuildFile; fileRef = 6669BC502ABCB6AC0045A66C /* TimeFormatter.swift */; };
		668B94862AB91FE500F9C791 /* tabnoticiasApp.swift in Sources */ = {isa = PBXBuildFile; fileRef = 668B94852AB91FE500F9C791 /* tabnoticiasApp.swift */; };
		668B94882AB91FE500F9C791 /* HomePageView.swift in Sources */ = {isa = PBXBuildFile; fileRef = 668B94872AB91FE500F9C791 /* HomePageView.swift */; };
		668B948A2AB91FE700F9C791 /* Assets.xcassets in Resources */ = {isa = PBXBuildFile; fileRef = 668B94892AB91FE700F9C791 /* Assets.xcassets */; };
		668B948D2AB91FE700F9C791 /* Preview Assets.xcassets in Resources */ = {isa = PBXBuildFile; fileRef = 668B948C2AB91FE700F9C791 /* Preview Assets.xcassets */; };
		668B94972AB91FE700F9C791 /* tabnoticiasTests.swift in Sources */ = {isa = PBXBuildFile; fileRef = 668B94962AB91FE700F9C791 /* tabnoticiasTests.swift */; };
		668B94A12AB91FE700F9C791 /* tabnoticiasUITests.swift in Sources */ = {isa = PBXBuildFile; fileRef = 668B94A02AB91FE700F9C791 /* tabnoticiasUITests.swift */; };
		668B94A32AB91FE700F9C791 /* tabnoticiasUITestsLaunchTests.swift in Sources */ = {isa = PBXBuildFile; fileRef = 668B94A22AB91FE700F9C791 /* tabnoticiasUITestsLaunchTests.swift */; };
		668B94B52AB922B000F9C791 /* NewsItem.swift in Sources */ = {isa = PBXBuildFile; fileRef = 668B94B42AB922B000F9C791 /* NewsItem.swift */; };
		668B94B72AB924AD00F9C791 /* NewsStatus.swift in Sources */ = {isa = PBXBuildFile; fileRef = 668B94B62AB924AD00F9C791 /* NewsStatus.swift */; };
		668B94B92AB926FF00F9C791 /* ApiNewsFetcher.swift in Sources */ = {isa = PBXBuildFile; fileRef = 668B94B82AB926FF00F9C791 /* ApiNewsFetcher.swift */; };
		668B94BE2AB928F300F9C791 /* ApiConstants.swift in Sources */ = {isa = PBXBuildFile; fileRef = 668B94BD2AB928F300F9C791 /* ApiConstants.swift */; };
		668B94C22AB9361200F9C791 /* ApiNewsFetcherTests.swift in Sources */ = {isa = PBXBuildFile; fileRef = 668B94C12AB9361200F9C791 /* ApiNewsFetcherTests.swift */; };
		66EDFFF32ABC70AF002D62F2 /* NewsContainer.swift in Sources */ = {isa = PBXBuildFile; fileRef = 66EDFFF22ABC70AF002D62F2 /* NewsContainer.swift */; };
		66FA177C2ABB98A000AA8896 /* AppColors.swift in Sources */ = {isa = PBXBuildFile; fileRef = 66FA177B2ABB98A000AA8896 /* AppColors.swift */; };
/* End PBXBuildFile section */

/* Begin PBXContainerItemProxy section */
		668B94932AB91FE700F9C791 /* PBXContainerItemProxy */ = {
			isa = PBXContainerItemProxy;
			containerPortal = 668B947A2AB91FE500F9C791 /* Project object */;
			proxyType = 1;
			remoteGlobalIDString = 668B94812AB91FE500F9C791;
			remoteInfo = tabnoticias;
		};
		668B949D2AB91FE700F9C791 /* PBXContainerItemProxy */ = {
			isa = PBXContainerItemProxy;
			containerPortal = 668B947A2AB91FE500F9C791 /* Project object */;
			proxyType = 1;
			remoteGlobalIDString = 668B94812AB91FE500F9C791;
			remoteInfo = tabnoticias;
		};
/* End PBXContainerItemProxy section */

/* Begin PBXFileReference section */
		66564DC62ABB80A300F11B13 /* NewsStrategy.swift */ = {isa = PBXFileReference; lastKnownFileType = sourcecode.swift; path = NewsStrategy.swift; sourceTree = "<group>"; };
		6669BC4D2ABC7B740045A66C /* NewsModel.swift */ = {isa = PBXFileReference; lastKnownFileType = sourcecode.swift; path = NewsModel.swift; sourceTree = "<group>"; };
		6669BC502ABCB6AC0045A66C /* TimeFormatter.swift */ = {isa = PBXFileReference; lastKnownFileType = sourcecode.swift; path = TimeFormatter.swift; sourceTree = "<group>"; };
		668B94822AB91FE500F9C791 /* tabnoticias.app */ = {isa = PBXFileReference; explicitFileType = wrapper.application; includeInIndex = 0; path = tabnoticias.app; sourceTree = BUILT_PRODUCTS_DIR; };
		668B94852AB91FE500F9C791 /* tabnoticiasApp.swift */ = {isa = PBXFileReference; lastKnownFileType = sourcecode.swift; path = tabnoticiasApp.swift; sourceTree = "<group>"; };
		668B94872AB91FE500F9C791 /* HomePageView.swift */ = {isa = PBXFileReference; lastKnownFileType = sourcecode.swift; path = HomePageView.swift; sourceTree = "<group>"; };
		668B94892AB91FE700F9C791 /* Assets.xcassets */ = {isa = PBXFileReference; lastKnownFileType = folder.assetcatalog; path = Assets.xcassets; sourceTree = "<group>"; };
		668B948C2AB91FE700F9C791 /* Preview Assets.xcassets */ = {isa = PBXFileReference; lastKnownFileType = folder.assetcatalog; path = "Preview Assets.xcassets"; sourceTree = "<group>"; };
		668B94922AB91FE700F9C791 /* tabnoticiasTests.xctest */ = {isa = PBXFileReference; explicitFileType = wrapper.cfbundle; includeInIndex = 0; path = tabnoticiasTests.xctest; sourceTree = BUILT_PRODUCTS_DIR; };
		668B94962AB91FE700F9C791 /* tabnoticiasTests.swift */ = {isa = PBXFileReference; lastKnownFileType = sourcecode.swift; path = tabnoticiasTests.swift; sourceTree = "<group>"; };
		668B949C2AB91FE700F9C791 /* tabnoticiasUITests.xctest */ = {isa = PBXFileReference; explicitFileType = wrapper.cfbundle; includeInIndex = 0; path = tabnoticiasUITests.xctest; sourceTree = BUILT_PRODUCTS_DIR; };
		668B94A02AB91FE700F9C791 /* tabnoticiasUITests.swift */ = {isa = PBXFileReference; lastKnownFileType = sourcecode.swift; path = tabnoticiasUITests.swift; sourceTree = "<group>"; };
		668B94A22AB91FE700F9C791 /* tabnoticiasUITestsLaunchTests.swift */ = {isa = PBXFileReference; lastKnownFileType = sourcecode.swift; path = tabnoticiasUITestsLaunchTests.swift; sourceTree = "<group>"; };
		668B94B42AB922B000F9C791 /* NewsItem.swift */ = {isa = PBXFileReference; lastKnownFileType = sourcecode.swift; path = NewsItem.swift; sourceTree = "<group>"; };
		668B94B62AB924AD00F9C791 /* NewsStatus.swift */ = {isa = PBXFileReference; lastKnownFileType = sourcecode.swift; path = NewsStatus.swift; sourceTree = "<group>"; };
		668B94B82AB926FF00F9C791 /* ApiNewsFetcher.swift */ = {isa = PBXFileReference; lastKnownFileType = sourcecode.swift; path = ApiNewsFetcher.swift; sourceTree = "<group>"; };
		668B94BD2AB928F300F9C791 /* ApiConstants.swift */ = {isa = PBXFileReference; lastKnownFileType = sourcecode.swift; path = ApiConstants.swift; sourceTree = "<group>"; };
		668B94C12AB9361200F9C791 /* ApiNewsFetcherTests.swift */ = {isa = PBXFileReference; lastKnownFileType = sourcecode.swift; path = ApiNewsFetcherTests.swift; sourceTree = "<group>"; };
		66EDFFF22ABC70AF002D62F2 /* NewsContainer.swift */ = {isa = PBXFileReference; lastKnownFileType = sourcecode.swift; path = NewsContainer.swift; sourceTree = "<group>"; };
		66FA177B2ABB98A000AA8896 /* AppColors.swift */ = {isa = PBXFileReference; lastKnownFileType = sourcecode.swift; path = AppColors.swift; sourceTree = "<group>"; };
/* End PBXFileReference section */

/* Begin PBXFrameworksBuildPhase section */
		668B947F2AB91FE500F9C791 /* Frameworks */ = {
			isa = PBXFrameworksBuildPhase;
			buildActionMask = 2147483647;
			files = (
			);
			runOnlyForDeploymentPostprocessing = 0;
		};
		668B948F2AB91FE700F9C791 /* Frameworks */ = {
			isa = PBXFrameworksBuildPhase;
			buildActionMask = 2147483647;
			files = (
			);
			runOnlyForDeploymentPostprocessing = 0;
		};
		668B94992AB91FE700F9C791 /* Frameworks */ = {
			isa = PBXFrameworksBuildPhase;
			buildActionMask = 2147483647;
			files = (
			);
			runOnlyForDeploymentPostprocessing = 0;
		};
/* End PBXFrameworksBuildPhase section */

/* Begin PBXGroup section */
		6669BC4F2ABCB6960045A66C /* tools */ = {
			isa = PBXGroup;
			children = (
				6669BC502ABCB6AC0045A66C /* TimeFormatter.swift */,
			);
			path = tools;
			sourceTree = "<group>";
		};
		668B94792AB91FE500F9C791 = {
			isa = PBXGroup;
			children = (
				668B94842AB91FE500F9C791 /* tabnoticias */,
				668B94952AB91FE700F9C791 /* tabnoticiasTests */,
				668B949F2AB91FE700F9C791 /* tabnoticiasUITests */,
				668B94832AB91FE500F9C791 /* Products */,
			);
			sourceTree = "<group>";
		};
		668B94832AB91FE500F9C791 /* Products */ = {
			isa = PBXGroup;
			children = (
				668B94822AB91FE500F9C791 /* tabnoticias.app */,
				668B94922AB91FE700F9C791 /* tabnoticiasTests.xctest */,
				668B949C2AB91FE700F9C791 /* tabnoticiasUITests.xctest */,
			);
			name = Products;
			sourceTree = "<group>";
		};
		668B94842AB91FE500F9C791 /* tabnoticias */ = {
			isa = PBXGroup;
			children = (
				6669BC4F2ABCB6960045A66C /* tools */,
				66FA177A2ABB989200AA8896 /* design */,
				668B94BC2AB928D500F9C791 /* constants */,
				668B94B02AB9216200F9C791 /* news */,
				668B94852AB91FE500F9C791 /* tabnoticiasApp.swift */,
				668B94872AB91FE500F9C791 /* HomePageView.swift */,
				668B94892AB91FE700F9C791 /* Assets.xcassets */,
				668B948B2AB91FE700F9C791 /* Preview Content */,
			);
			path = tabnoticias;
			sourceTree = "<group>";
		};
		668B948B2AB91FE700F9C791 /* Preview Content */ = {
			isa = PBXGroup;
			children = (
				668B948C2AB91FE700F9C791 /* Preview Assets.xcassets */,
			);
			path = "Preview Content";
			sourceTree = "<group>";
		};
		668B94952AB91FE700F9C791 /* tabnoticiasTests */ = {
			isa = PBXGroup;
			children = (
				668B94BF2AB935B900F9C791 /* news */,
				668B94962AB91FE700F9C791 /* tabnoticiasTests.swift */,
			);
			path = tabnoticiasTests;
			sourceTree = "<group>";
		};
		668B949F2AB91FE700F9C791 /* tabnoticiasUITests */ = {
			isa = PBXGroup;
			children = (
				668B94A02AB91FE700F9C791 /* tabnoticiasUITests.swift */,
				668B94A22AB91FE700F9C791 /* tabnoticiasUITestsLaunchTests.swift */,
			);
			path = tabnoticiasUITests;
			sourceTree = "<group>";
		};
		668B94B02AB9216200F9C791 /* news */ = {
			isa = PBXGroup;
			children = (
				668B94B32AB921F500F9C791 /* controller */,
				668B94B22AB921F000F9C791 /* view */,
				668B94B12AB921E400F9C791 /* model */,
			);
			path = news;
			sourceTree = "<group>";
		};
		668B94B12AB921E400F9C791 /* model */ = {
			isa = PBXGroup;
			children = (
				668B94B42AB922B000F9C791 /* NewsItem.swift */,
				668B94B62AB924AD00F9C791 /* NewsStatus.swift */,
				66564DC62ABB80A300F11B13 /* NewsStrategy.swift */,
				6669BC4D2ABC7B740045A66C /* NewsModel.swift */,
			);
			path = model;
			sourceTree = "<group>";
		};
		668B94B22AB921F000F9C791 /* view */ = {
			isa = PBXGroup;
			children = (
				66EDFFF22ABC70AF002D62F2 /* NewsContainer.swift */,
			);
			path = view;
			sourceTree = "<group>";
		};
		668B94B32AB921F500F9C791 /* controller */ = {
			isa = PBXGroup;
			children = (
				668B94B82AB926FF00F9C791 /* ApiNewsFetcher.swift */,
			);
			path = controller;
			sourceTree = "<group>";
		};
		668B94BC2AB928D500F9C791 /* constants */ = {
			isa = PBXGroup;
			children = (
				668B94BD2AB928F300F9C791 /* ApiConstants.swift */,
			);
			path = constants;
			sourceTree = "<group>";
		};
		668B94BF2AB935B900F9C791 /* news */ = {
			isa = PBXGroup;
			children = (
				668B94C02AB935CA00F9C791 /* controller */,
			);
			path = news;
			sourceTree = "<group>";
		};
		668B94C02AB935CA00F9C791 /* controller */ = {
			isa = PBXGroup;
			children = (
				668B94C12AB9361200F9C791 /* ApiNewsFetcherTests.swift */,
			);
			path = controller;
			sourceTree = "<group>";
		};
		66FA177A2ABB989200AA8896 /* design */ = {
			isa = PBXGroup;
			children = (
				66FA177B2ABB98A000AA8896 /* AppColors.swift */,
			);
			path = design;
			sourceTree = "<group>";
		};
/* End PBXGroup section */

/* Begin PBXNativeTarget section */
		668B94812AB91FE500F9C791 /* tabnoticias */ = {
			isa = PBXNativeTarget;
			buildConfigurationList = 668B94A62AB91FE700F9C791 /* Build configuration list for PBXNativeTarget "tabnoticias" */;
			buildPhases = (
				668B947E2AB91FE500F9C791 /* Sources */,
				668B947F2AB91FE500F9C791 /* Frameworks */,
				668B94802AB91FE500F9C791 /* Resources */,
			);
			buildRules = (
			);
			dependencies = (
			);
			name = tabnoticias;
			productName = tabnoticias;
			productReference = 668B94822AB91FE500F9C791 /* tabnoticias.app */;
			productType = "com.apple.product-type.application";
		};
		668B94912AB91FE700F9C791 /* tabnoticiasTests */ = {
			isa = PBXNativeTarget;
			buildConfigurationList = 668B94A92AB91FE700F9C791 /* Build configuration list for PBXNativeTarget "tabnoticiasTests" */;
			buildPhases = (
				668B948E2AB91FE700F9C791 /* Sources */,
				668B948F2AB91FE700F9C791 /* Frameworks */,
				668B94902AB91FE700F9C791 /* Resources */,
			);
			buildRules = (
			);
			dependencies = (
				668B94942AB91FE700F9C791 /* PBXTargetDependency */,
			);
			name = tabnoticiasTests;
			productName = tabnoticiasTests;
			productReference = 668B94922AB91FE700F9C791 /* tabnoticiasTests.xctest */;
			productType = "com.apple.product-type.bundle.unit-test";
		};
		668B949B2AB91FE700F9C791 /* tabnoticiasUITests */ = {
			isa = PBXNativeTarget;
			buildConfigurationList = 668B94AC2AB91FE700F9C791 /* Build configuration list for PBXNativeTarget "tabnoticiasUITests" */;
			buildPhases = (
				668B94982AB91FE700F9C791 /* Sources */,
				668B94992AB91FE700F9C791 /* Frameworks */,
				668B949A2AB91FE700F9C791 /* Resources */,
			);
			buildRules = (
			);
			dependencies = (
				668B949E2AB91FE700F9C791 /* PBXTargetDependency */,
			);
			name = tabnoticiasUITests;
			productName = tabnoticiasUITests;
			productReference = 668B949C2AB91FE700F9C791 /* tabnoticiasUITests.xctest */;
			productType = "com.apple.product-type.bundle.ui-testing";
		};
/* End PBXNativeTarget section */

/* Begin PBXProject section */
		668B947A2AB91FE500F9C791 /* Project object */ = {
			isa = PBXProject;
			attributes = {
				BuildIndependentTargetsInParallel = 1;
				LastSwiftUpdateCheck = 1430;
				LastUpgradeCheck = 1430;
				TargetAttributes = {
					668B94812AB91FE500F9C791 = {
						CreatedOnToolsVersion = 14.3.1;
					};
					668B94912AB91FE700F9C791 = {
						CreatedOnToolsVersion = 14.3.1;
						TestTargetID = 668B94812AB91FE500F9C791;
					};
					668B949B2AB91FE700F9C791 = {
						CreatedOnToolsVersion = 14.3.1;
						TestTargetID = 668B94812AB91FE500F9C791;
					};
				};
			};
			buildConfigurationList = 668B947D2AB91FE500F9C791 /* Build configuration list for PBXProject "tabnoticias" */;
			compatibilityVersion = "Xcode 14.0";
			developmentRegion = en;
			hasScannedForEncodings = 0;
			knownRegions = (
				en,
				Base,
			);
			mainGroup = 668B94792AB91FE500F9C791;
			productRefGroup = 668B94832AB91FE500F9C791 /* Products */;
			projectDirPath = "";
			projectRoot = "";
			targets = (
				668B94812AB91FE500F9C791 /* tabnoticias */,
				668B94912AB91FE700F9C791 /* tabnoticiasTests */,
				668B949B2AB91FE700F9C791 /* tabnoticiasUITests */,
			);
		};
/* End PBXProject section */

/* Begin PBXResourcesBuildPhase section */
		668B94802AB91FE500F9C791 /* Resources */ = {
			isa = PBXResourcesBuildPhase;
			buildActionMask = 2147483647;
			files = (
				668B948D2AB91FE700F9C791 /* Preview Assets.xcassets in Resources */,
				668B948A2AB91FE700F9C791 /* Assets.xcassets in Resources */,
			);
			runOnlyForDeploymentPostprocessing = 0;
		};
		668B94902AB91FE700F9C791 /* Resources */ = {
			isa = PBXResourcesBuildPhase;
			buildActionMask = 2147483647;
			files = (
			);
			runOnlyForDeploymentPostprocessing = 0;
		};
		668B949A2AB91FE700F9C791 /* Resources */ = {
			isa = PBXResourcesBuildPhase;
			buildActionMask = 2147483647;
			files = (
			);
			runOnlyForDeploymentPostprocessing = 0;
		};
/* End PBXResourcesBuildPhase section */

/* Begin PBXSourcesBuildPhase section */
		668B947E2AB91FE500F9C791 /* Sources */ = {
			isa = PBXSourcesBuildPhase;
			buildActionMask = 2147483647;
			files = (
				668B94B72AB924AD00F9C791 /* NewsStatus.swift in Sources */,
				66EDFFF32ABC70AF002D62F2 /* NewsContainer.swift in Sources */,
				668B94B52AB922B000F9C791 /* NewsItem.swift in Sources */,
				668B94BE2AB928F300F9C791 /* ApiConstants.swift in Sources */,
				6669BC4E2ABC7B740045A66C /* NewsModel.swift in Sources */,
				668B94882AB91FE500F9C791 /* HomePageView.swift in Sources */,
				6669BC512ABCB6AC0045A66C /* TimeFormatter.swift in Sources */,
				668B94B92AB926FF00F9C791 /* ApiNewsFetcher.swift in Sources */,
				66FA177C2ABB98A000AA8896 /* AppColors.swift in Sources */,
				668B94862AB91FE500F9C791 /* tabnoticiasApp.swift in Sources */,
				66564DC72ABB80A300F11B13 /* NewsStrategy.swift in Sources */,
			);
			runOnlyForDeploymentPostprocessing = 0;
		};
		668B948E2AB91FE700F9C791 /* Sources */ = {
			isa = PBXSourcesBuildPhase;
			buildActionMask = 2147483647;
			files = (
				668B94972AB91FE700F9C791 /* tabnoticiasTests.swift in Sources */,
				668B94C22AB9361200F9C791 /* ApiNewsFetcherTests.swift in Sources */,
			);
			runOnlyForDeploymentPostprocessing = 0;
		};
		668B94982AB91FE700F9C791 /* Sources */ = {
			isa = PBXSourcesBuildPhase;
			buildActionMask = 2147483647;
			files = (
				668B94A32AB91FE700F9C791 /* tabnoticiasUITestsLaunchTests.swift in Sources */,
				668B94A12AB91FE700F9C791 /* tabnoticiasUITests.swift in Sources */,
			);
			runOnlyForDeploymentPostprocessing = 0;
		};
/* End PBXSourcesBuildPhase section */

/* Begin PBXTargetDependency section */
		668B94942AB91FE700F9C791 /* PBXTargetDependency */ = {
			isa = PBXTargetDependency;
			target = 668B94812AB91FE500F9C791 /* tabnoticias */;
			targetProxy = 668B94932AB91FE700F9C791 /* PBXContainerItemProxy */;
		};
		668B949E2AB91FE700F9C791 /* PBXTargetDependency */ = {
			isa = PBXTargetDependency;
			target = 668B94812AB91FE500F9C791 /* tabnoticias */;
			targetProxy = 668B949D2AB91FE700F9C791 /* PBXContainerItemProxy */;
		};
/* End PBXTargetDependency section */

/* Begin XCBuildConfiguration section */
		668B94A42AB91FE700F9C791 /* Debug */ = {
			isa = XCBuildConfiguration;
			buildSettings = {
				ALWAYS_SEARCH_USER_PATHS = NO;
				CLANG_ANALYZER_NONNULL = YES;
				CLANG_ANALYZER_NUMBER_OBJECT_CONVERSION = YES_AGGRESSIVE;
				CLANG_CXX_LANGUAGE_STANDARD = "gnu++20";
				CLANG_ENABLE_MODULES = YES;
				CLANG_ENABLE_OBJC_ARC = YES;
				CLANG_ENABLE_OBJC_WEAK = YES;
				CLANG_WARN_BLOCK_CAPTURE_AUTORELEASING = YES;
				CLANG_WARN_BOOL_CONVERSION = YES;
				CLANG_WARN_COMMA = YES;
				CLANG_WARN_CONSTANT_CONVERSION = YES;
				CLANG_WARN_DEPRECATED_OBJC_IMPLEMENTATIONS = YES;
				CLANG_WARN_DIRECT_OBJC_ISA_USAGE = YES_ERROR;
				CLANG_WARN_DOCUMENTATION_COMMENTS = YES;
				CLANG_WARN_EMPTY_BODY = YES;
				CLANG_WARN_ENUM_CONVERSION = YES;
				CLANG_WARN_INFINITE_RECURSION = YES;
				CLANG_WARN_INT_CONVERSION = YES;
				CLANG_WARN_NON_LITERAL_NULL_CONVERSION = YES;
				CLANG_WARN_OBJC_IMPLICIT_RETAIN_SELF = YES;
				CLANG_WARN_OBJC_LITERAL_CONVERSION = YES;
				CLANG_WARN_OBJC_ROOT_CLASS = YES_ERROR;
				CLANG_WARN_QUOTED_INCLUDE_IN_FRAMEWORK_HEADER = YES;
				CLANG_WARN_RANGE_LOOP_ANALYSIS = YES;
				CLANG_WARN_STRICT_PROTOTYPES = YES;
				CLANG_WARN_SUSPICIOUS_MOVE = YES;
				CLANG_WARN_UNGUARDED_AVAILABILITY = YES_AGGRESSIVE;
				CLANG_WARN_UNREACHABLE_CODE = YES;
				CLANG_WARN__DUPLICATE_METHOD_MATCH = YES;
				COPY_PHASE_STRIP = NO;
				DEBUG_INFORMATION_FORMAT = dwarf;
				ENABLE_STRICT_OBJC_MSGSEND = YES;
				ENABLE_TESTABILITY = YES;
				GCC_C_LANGUAGE_STANDARD = gnu11;
				GCC_DYNAMIC_NO_PIC = NO;
				GCC_NO_COMMON_BLOCKS = YES;
				GCC_OPTIMIZATION_LEVEL = 0;
				GCC_PREPROCESSOR_DEFINITIONS = (
					"DEBUG=1",
					"$(inherited)",
				);
				GCC_WARN_64_TO_32_BIT_CONVERSION = YES;
				GCC_WARN_ABOUT_RETURN_TYPE = YES_ERROR;
				GCC_WARN_UNDECLARED_SELECTOR = YES;
				GCC_WARN_UNINITIALIZED_AUTOS = YES_AGGRESSIVE;
				GCC_WARN_UNUSED_FUNCTION = YES;
				GCC_WARN_UNUSED_VARIABLE = YES;
				IPHONEOS_DEPLOYMENT_TARGET = 16.4;
				MTL_ENABLE_DEBUG_INFO = INCLUDE_SOURCE;
				MTL_FAST_MATH = YES;
				ONLY_ACTIVE_ARCH = YES;
				SDKROOT = iphoneos;
				SWIFT_ACTIVE_COMPILATION_CONDITIONS = DEBUG;
				SWIFT_OPTIMIZATION_LEVEL = "-Onone";
			};
			name = Debug;
		};
		668B94A52AB91FE700F9C791 /* Release */ = {
			isa = XCBuildConfiguration;
			buildSettings = {
				ALWAYS_SEARCH_USER_PATHS = NO;
				CLANG_ANALYZER_NONNULL = YES;
				CLANG_ANALYZER_NUMBER_OBJECT_CONVERSION = YES_AGGRESSIVE;
				CLANG_CXX_LANGUAGE_STANDARD = "gnu++20";
				CLANG_ENABLE_MODULES = YES;
				CLANG_ENABLE_OBJC_ARC = YES;
				CLANG_ENABLE_OBJC_WEAK = YES;
				CLANG_WARN_BLOCK_CAPTURE_AUTORELEASING = YES;
				CLANG_WARN_BOOL_CONVERSION = YES;
				CLANG_WARN_COMMA = YES;
				CLANG_WARN_CONSTANT_CONVERSION = YES;
				CLANG_WARN_DEPRECATED_OBJC_IMPLEMENTATIONS = YES;
				CLANG_WARN_DIRECT_OBJC_ISA_USAGE = YES_ERROR;
				CLANG_WARN_DOCUMENTATION_COMMENTS = YES;
				CLANG_WARN_EMPTY_BODY = YES;
				CLANG_WARN_ENUM_CONVERSION = YES;
				CLANG_WARN_INFINITE_RECURSION = YES;
				CLANG_WARN_INT_CONVERSION = YES;
				CLANG_WARN_NON_LITERAL_NULL_CONVERSION = YES;
				CLANG_WARN_OBJC_IMPLICIT_RETAIN_SELF = YES;
				CLANG_WARN_OBJC_LITERAL_CONVERSION = YES;
				CLANG_WARN_OBJC_ROOT_CLASS = YES_ERROR;
				CLANG_WARN_QUOTED_INCLUDE_IN_FRAMEWORK_HEADER = YES;
				CLANG_WARN_RANGE_LOOP_ANALYSIS = YES;
				CLANG_WARN_STRICT_PROTOTYPES = YES;
				CLANG_WARN_SUSPICIOUS_MOVE = YES;
				CLANG_WARN_UNGUARDED_AVAILABILITY = YES_AGGRESSIVE;
				CLANG_WARN_UNREACHABLE_CODE = YES;
				CLANG_WARN__DUPLICATE_METHOD_MATCH = YES;
				COPY_PHASE_STRIP = NO;
				DEBUG_INFORMATION_FORMAT = "dwarf-with-dsym";
				ENABLE_NS_ASSERTIONS = NO;
				ENABLE_STRICT_OBJC_MSGSEND = YES;
				GCC_C_LANGUAGE_STANDARD = gnu11;
				GCC_NO_COMMON_BLOCKS = YES;
				GCC_WARN_64_TO_32_BIT_CONVERSION = YES;
				GCC_WARN_ABOUT_RETURN_TYPE = YES_ERROR;
				GCC_WARN_UNDECLARED_SELECTOR = YES;
				GCC_WARN_UNINITIALIZED_AUTOS = YES_AGGRESSIVE;
				GCC_WARN_UNUSED_FUNCTION = YES;
				GCC_WARN_UNUSED_VARIABLE = YES;
				IPHONEOS_DEPLOYMENT_TARGET = 16.4;
				MTL_ENABLE_DEBUG_INFO = NO;
				MTL_FAST_MATH = YES;
				SDKROOT = iphoneos;
				SWIFT_COMPILATION_MODE = wholemodule;
				SWIFT_OPTIMIZATION_LEVEL = "-O";
				VALIDATE_PRODUCT = YES;
			};
			name = Release;
		};
		668B94A72AB91FE700F9C791 /* Debug */ = {
			isa = XCBuildConfiguration;
			buildSettings = {
				ASSETCATALOG_COMPILER_APPICON_NAME = AppIcon;
				ASSETCATALOG_COMPILER_GLOBAL_ACCENT_COLOR_NAME = AccentColor;
				CODE_SIGN_STYLE = Automatic;
				CURRENT_PROJECT_VERSION = 1;
				DEVELOPMENT_ASSET_PATHS = "\"tabnoticias/Preview Content\"";
				DEVELOPMENT_TEAM = 95HCD3VYQ2;
				ENABLE_PREVIEWS = YES;
				GENERATE_INFOPLIST_FILE = YES;
				INFOPLIST_KEY_UIApplicationSceneManifest_Generation = YES;
				INFOPLIST_KEY_UIApplicationSupportsIndirectInputEvents = YES;
				INFOPLIST_KEY_UILaunchScreen_Generation = YES;
				INFOPLIST_KEY_UISupportedInterfaceOrientations_iPad = "UIInterfaceOrientationPortrait UIInterfaceOrientationPortraitUpsideDown UIInterfaceOrientationLandscapeLeft UIInterfaceOrientationLandscapeRight";
				INFOPLIST_KEY_UISupportedInterfaceOrientations_iPhone = "UIInterfaceOrientationPortrait UIInterfaceOrientationLandscapeLeft UIInterfaceOrientationLandscapeRight";
				LD_RUNPATH_SEARCH_PATHS = (
					"$(inherited)",
					"@executable_path/Frameworks",
				);
				MARKETING_VERSION = 1.0;
				PRODUCT_BUNDLE_IDENTIFIER = com.play.tabnoticias;
				PRODUCT_NAME = "$(TARGET_NAME)";
				SWIFT_EMIT_LOC_STRINGS = YES;
				SWIFT_VERSION = 5.0;
				TARGETED_DEVICE_FAMILY = "1,2";
			};
			name = Debug;
		};
		668B94A82AB91FE700F9C791 /* Release */ = {
			isa = XCBuildConfiguration;
			buildSettings = {
				ASSETCATALOG_COMPILER_APPICON_NAME = AppIcon;
				ASSETCATALOG_COMPILER_GLOBAL_ACCENT_COLOR_NAME = AccentColor;
				CODE_SIGN_STYLE = Automatic;
				CURRENT_PROJECT_VERSION = 1;
				DEVELOPMENT_ASSET_PATHS = "\"tabnoticias/Preview Content\"";
				DEVELOPMENT_TEAM = 95HCD3VYQ2;
				ENABLE_PREVIEWS = YES;
				GENERATE_INFOPLIST_FILE = YES;
				INFOPLIST_KEY_UIApplicationSceneManifest_Generation = YES;
				INFOPLIST_KEY_UIApplicationSupportsIndirectInputEvents = YES;
				INFOPLIST_KEY_UILaunchScreen_Generation = YES;
				INFOPLIST_KEY_UISupportedInterfaceOrientations_iPad = "UIInterfaceOrientationPortrait UIInterfaceOrientationPortraitUpsideDown UIInterfaceOrientationLandscapeLeft UIInterfaceOrientationLandscapeRight";
				INFOPLIST_KEY_UISupportedInterfaceOrientations_iPhone = "UIInterfaceOrientationPortrait UIInterfaceOrientationLandscapeLeft UIInterfaceOrientationLandscapeRight";
				LD_RUNPATH_SEARCH_PATHS = (
					"$(inherited)",
					"@executable_path/Frameworks",
				);
				MARKETING_VERSION = 1.0;
				PRODUCT_BUNDLE_IDENTIFIER = com.play.tabnoticias;
				PRODUCT_NAME = "$(TARGET_NAME)";
				SWIFT_EMIT_LOC_STRINGS = YES;
				SWIFT_VERSION = 5.0;
				TARGETED_DEVICE_FAMILY = "1,2";
			};
			name = Release;
		};
		668B94AA2AB91FE700F9C791 /* Debug */ = {
			isa = XCBuildConfiguration;
			buildSettings = {
				ALWAYS_EMBED_SWIFT_STANDARD_LIBRARIES = YES;
				BUNDLE_LOADER = "$(TEST_HOST)";
				CODE_SIGN_STYLE = Automatic;
				CURRENT_PROJECT_VERSION = 1;
				DEVELOPMENT_TEAM = 95HCD3VYQ2;
				GENERATE_INFOPLIST_FILE = YES;
				IPHONEOS_DEPLOYMENT_TARGET = 16.4;
				MARKETING_VERSION = 1.0;
				PRODUCT_BUNDLE_IDENTIFIER = com.play.tabnoticiasTests;
				PRODUCT_NAME = "$(TARGET_NAME)";
				SWIFT_EMIT_LOC_STRINGS = NO;
				SWIFT_VERSION = 5.0;
				TARGETED_DEVICE_FAMILY = "1,2";
				TEST_HOST = "$(BUILT_PRODUCTS_DIR)/tabnoticias.app/$(BUNDLE_EXECUTABLE_FOLDER_PATH)/tabnoticias";
			};
			name = Debug;
		};
		668B94AB2AB91FE700F9C791 /* Release */ = {
			isa = XCBuildConfiguration;
			buildSettings = {
				ALWAYS_EMBED_SWIFT_STANDARD_LIBRARIES = YES;
				BUNDLE_LOADER = "$(TEST_HOST)";
				CODE_SIGN_STYLE = Automatic;
				CURRENT_PROJECT_VERSION = 1;
				DEVELOPMENT_TEAM = 95HCD3VYQ2;
				GENERATE_INFOPLIST_FILE = YES;
				IPHONEOS_DEPLOYMENT_TARGET = 16.4;
				MARKETING_VERSION = 1.0;
				PRODUCT_BUNDLE_IDENTIFIER = com.play.tabnoticiasTests;
				PRODUCT_NAME = "$(TARGET_NAME)";
				SWIFT_EMIT_LOC_STRINGS = NO;
				SWIFT_VERSION = 5.0;
				TARGETED_DEVICE_FAMILY = "1,2";
				TEST_HOST = "$(BUILT_PRODUCTS_DIR)/tabnoticias.app/$(BUNDLE_EXECUTABLE_FOLDER_PATH)/tabnoticias";
			};
			name = Release;
		};
		668B94AD2AB91FE700F9C791 /* Debug */ = {
			isa = XCBuildConfiguration;
			buildSettings = {
				ALWAYS_EMBED_SWIFT_STANDARD_LIBRARIES = YES;
				CODE_SIGN_STYLE = Automatic;
				CURRENT_PROJECT_VERSION = 1;
				DEVELOPMENT_TEAM = 95HCD3VYQ2;
				GENERATE_INFOPLIST_FILE = YES;
				MARKETING_VERSION = 1.0;
				PRODUCT_BUNDLE_IDENTIFIER = com.play.tabnoticiasUITests;
				PRODUCT_NAME = "$(TARGET_NAME)";
				SWIFT_EMIT_LOC_STRINGS = NO;
				SWIFT_VERSION = 5.0;
				TARGETED_DEVICE_FAMILY = "1,2";
				TEST_TARGET_NAME = tabnoticias;
			};
			name = Debug;
		};
		668B94AE2AB91FE700F9C791 /* Release */ = {
			isa = XCBuildConfiguration;
			buildSettings = {
				ALWAYS_EMBED_SWIFT_STANDARD_LIBRARIES = YES;
				CODE_SIGN_STYLE = Automatic;
				CURRENT_PROJECT_VERSION = 1;
				DEVELOPMENT_TEAM = 95HCD3VYQ2;
				GENERATE_INFOPLIST_FILE = YES;
				MARKETING_VERSION = 1.0;
				PRODUCT_BUNDLE_IDENTIFIER = com.play.tabnoticiasUITests;
				PRODUCT_NAME = "$(TARGET_NAME)";
				SWIFT_EMIT_LOC_STRINGS = NO;
				SWIFT_VERSION = 5.0;
				TARGETED_DEVICE_FAMILY = "1,2";
				TEST_TARGET_NAME = tabnoticias;
			};
			name = Release;
		};
/* End XCBuildConfiguration section */

/* Begin XCConfigurationList section */
		668B947D2AB91FE500F9C791 /* Build configuration list for PBXProject "tabnoticias" */ = {
			isa = XCConfigurationList;
			buildConfigurations = (
				668B94A42AB91FE700F9C791 /* Debug */,
				668B94A52AB91FE700F9C791 /* Release */,
			);
			defaultConfigurationIsVisible = 0;
			defaultConfigurationName = Release;
		};
		668B94A62AB91FE700F9C791 /* Build configuration list for PBXNativeTarget "tabnoticias" */ = {
			isa = XCConfigurationList;
			buildConfigurations = (
				668B94A72AB91FE700F9C791 /* Debug */,
				668B94A82AB91FE700F9C791 /* Release */,
			);
			defaultConfigurationIsVisible = 0;
			defaultConfigurationName = Release;
		};
		668B94A92AB91FE700F9C791 /* Build configuration list for PBXNativeTarget "tabnoticiasTests" */ = {
			isa = XCConfigurationList;
			buildConfigurations = (
				668B94AA2AB91FE700F9C791 /* Debug */,
				668B94AB2AB91FE700F9C791 /* Release */,
			);
			defaultConfigurationIsVisible = 0;
			defaultConfigurationName = Release;
		};
		668B94AC2AB91FE700F9C791 /* Build configuration list for PBXNativeTarget "tabnoticiasUITests" */ = {
			isa = XCConfigurationList;
			buildConfigurations = (
				668B94AD2AB91FE700F9C791 /* Debug */,
				668B94AE2AB91FE700F9C791 /* Release */,
			);
			defaultConfigurationIsVisible = 0;
			defaultConfigurationName = Release;
		};
/* End XCConfigurationList section */
	};
	rootObject = 668B947A2AB91FE500F9C791 /* Project object */;
}
